
Microsoft Visual Studio Solution File, Format Version 12.00
# Visual Studio Version 17
VisualStudioVersion = 17.4.33213.308
MinimumVisualStudioVersion = 10.0.40219.1
Project("{FAE04EC0-301F-11D3-BF4B-00C04F79EFBC}") = "Hazifeladat20240129", "ConsoleApp3\Hazifeladat20240129.csproj", "{918BE9F7-D57C-448C-8407-319DB83DB9E3}"
EndProject
Global
	GlobalSection(SolutionConfigurationPlatforms) = preSolution
		Debug|Any CPU = Debug|Any CPU
		Release|Any CPU = Release|Any CPU
	EndGlobalSection
	GlobalSection(ProjectConfigurationPlatforms) = postSolution
		{918BE9F7-D57C-448C-8407-319DB83DB9E3}.Debug|Any CPU.ActiveCfg = Debug|Any CPU
		{918BE9F7-D57C-448C-8407-319DB83DB9E3}.Debug|Any CPU.Build.0 = Debug|Any CPU
		{918BE9F7-D57C-448C-8407-319DB83DB9E3}.Release|Any CPU.ActiveCfg = Release|Any CPU
		{918BE9F7-D57C-448C-8407-319DB83DB9E3}.Release|Any CPU.Build.0 = Release|Any CPU
	EndGlobalSection
	GlobalSection(SolutionProperties) = preSolution
		HideSolutionNode = FALSE
	EndGlobalSection
	GlobalSection(ExtensibilityGlobals) = postSolution
		SolutionGuid = {161114F9-3E33-4E7A-8607-E8E1008E9DEC}
	EndGlobalSection
EndGlobal
